
Microsoft Visual Studio Solution File, Format Version 12.00
# Visual Studio Version 17
VisualStudioVersion = 17.3.32825.248
MinimumVisualStudioVersion = 10.0.40219.1
Project("{FAE04EC0-301F-11D3-BF4B-00C04F79EFBC}") = "Task1", "Task1\Task1.csproj", "{A257AD5A-ABB2-43BA-8E61-1A68172E6A38}"
EndProject
Project("{FAE04EC0-301F-11D3-BF4B-00C04F79EFBC}") = "Task2", "Task2\Task2.csproj", "{24904964-B35F-4B2F-BB65-CA69C6D260FE}"
EndProject
Project("{FAE04EC0-301F-11D3-BF4B-00C04F79EFBC}") = "Task3", "Task3\Task3.csproj", "{A98BDEAA-6849-42DD-8405-C2983555DAF6}"
EndProject
Global
	GlobalSection(SolutionConfigurationPlatforms) = preSolution
		Debug|Any CPU = Debug|Any CPU
		Release|Any CPU = Release|Any CPU
	EndGlobalSection
	GlobalSection(ProjectConfigurationPlatforms) = postSolution
		{A257AD5A-ABB2-43BA-8E61-1A68172E6A38}.Debug|Any CPU.ActiveCfg = Debug|Any CPU
		{A257AD5A-ABB2-43BA-8E61-1A68172E6A38}.Debug|Any CPU.Build.0 = Debug|Any CPU
		{A257AD5A-ABB2-43BA-8E61-1A68172E6A38}.Release|Any CPU.ActiveCfg = Release|Any CPU
		{A257AD5A-ABB2-43BA-8E61-1A68172E6A38}.Release|Any CPU.Build.0 = Release|Any CPU
		{24904964-B35F-4B2F-BB65-CA69C6D260FE}.Debug|Any CPU.ActiveCfg = Debug|Any CPU
		{24904964-B35F-4B2F-BB65-CA69C6D260FE}.Debug|Any CPU.Build.0 = Debug|Any CPU
		{24904964-B35F-4B2F-BB65-CA69C6D260FE}.Release|Any CPU.ActiveCfg = Release|Any CPU
		{24904964-B35F-4B2F-BB65-CA69C6D260FE}.Release|Any CPU.Build.0 = Release|Any CPU
		{A98BDEAA-6849-42DD-8405-C2983555DAF6}.Debug|Any CPU.ActiveCfg = Debug|Any CPU
		{A98BDEAA-6849-42DD-8405-C2983555DAF6}.Debug|Any CPU.Build.0 = Debug|Any CPU
		{A98BDEAA-6849-42DD-8405-C2983555DAF6}.Release|Any CPU.ActiveCfg = Release|Any CPU
		{A98BDEAA-6849-42DD-8405-C2983555DAF6}.Release|Any CPU.Build.0 = Release|Any CPU
	EndGlobalSection
	GlobalSection(SolutionProperties) = preSolution
		HideSolutionNode = FALSE
	EndGlobalSection
	GlobalSection(ExtensibilityGlobals) = postSolution
		SolutionGuid = {F30143CE-5D30-4B25-B586-C8A0D6036BCE}
	EndGlobalSection
EndGlobal
